
Microsoft Visual Studio Solution File, Format Version 12.00
# Visual Studio Version 16
VisualStudioVersion = 16.0.31005.135
MinimumVisualStudioVersion = 10.0.40219.1
Project("{FAE04EC0-301F-11D3-BF4B-00C04F79EFBC}") = "Gatito", "Gatito\Gatito.csproj", "{98FA10ED-1E8D-4F29-89B0-C8F9176CA953}"
EndProject
Global
	GlobalSection(SolutionConfigurationPlatforms) = preSolution
		Debug|Any CPU = Debug|Any CPU
		Release|Any CPU = Release|Any CPU
	EndGlobalSection
	GlobalSection(ProjectConfigurationPlatforms) = postSolution
		{98FA10ED-1E8D-4F29-89B0-C8F9176CA953}.Debug|Any CPU.ActiveCfg = Debug|Any CPU
		{98FA10ED-1E8D-4F29-89B0-C8F9176CA953}.Debug|Any CPU.Build.0 = Debug|Any CPU
		{98FA10ED-1E8D-4F29-89B0-C8F9176CA953}.Release|Any CPU.ActiveCfg = Release|Any CPU
		{98FA10ED-1E8D-4F29-89B0-C8F9176CA953}.Release|Any CPU.Build.0 = Release|Any CPU
	EndGlobalSection
	GlobalSection(SolutionProperties) = preSolution
		HideSolutionNode = FALSE
	EndGlobalSection
	GlobalSection(ExtensibilityGlobals) = postSolution
		SolutionGuid = {846CCB72-D2BA-41B8-9407-FC00165F45A0}
	EndGlobalSection
EndGlobal
